
Microsoft Visual Studio Solution File, Format Version 12.00
# Visual Studio Version 17
VisualStudioVersion = 17.7.34202.233
MinimumVisualStudioVersion = 10.0.40219.1
Project("{9A19103F-16F7-4668-BE54-9A1E7A4F7556}") = "CoreLibraries", "CoreLibraries\CoreLibraries.csproj", "{171F870C-8AFB-42E9-B873-AB97737FA932}"
EndProject
Project("{9A19103F-16F7-4668-BE54-9A1E7A4F7556}") = "CLI", "CLI\CLI.csproj", "{A2C1A3F4-1D0C-44F3-8936-DDC7195BD9B2}"
EndProject
Project("{9A19103F-16F7-4668-BE54-9A1E7A4F7556}") = "GUI_Avalonia", "GUI_Avalonia\GUI_Avalonia.csproj", "{AB31F1F0-D14E-48D1-A359-82D8B66BF952}"
EndProject
Project("{9A19103F-16F7-4668-BE54-9A1E7A4F7556}") = "GUI_WPF", "GUI_WPF\GUI_WPF.csproj", "{9C1D160F-548B-42CB-885E-32E024364862}"
EndProject
Global
	GlobalSection(SolutionConfigurationPlatforms) = preSolution
		Debug|Any CPU = Debug|Any CPU
		Release|Any CPU = Release|Any CPU
	EndGlobalSection
	GlobalSection(ProjectConfigurationPlatforms) = postSolution
		{171F870C-8AFB-42E9-B873-AB97737FA932}.Debug|Any CPU.ActiveCfg = Debug|Any CPU
		{171F870C-8AFB-42E9-B873-AB97737FA932}.Debug|Any CPU.Build.0 = Debug|Any CPU
		{171F870C-8AFB-42E9-B873-AB97737FA932}.Release|Any CPU.ActiveCfg = Release|Any CPU
		{171F870C-8AFB-42E9-B873-AB97737FA932}.Release|Any CPU.Build.0 = Release|Any CPU
		{A2C1A3F4-1D0C-44F3-8936-DDC7195BD9B2}.Debug|Any CPU.ActiveCfg = Debug|Any CPU
		{A2C1A3F4-1D0C-44F3-8936-DDC7195BD9B2}.Debug|Any CPU.Build.0 = Debug|Any CPU
		{A2C1A3F4-1D0C-44F3-8936-DDC7195BD9B2}.Release|Any CPU.ActiveCfg = Release|Any CPU
		{A2C1A3F4-1D0C-44F3-8936-DDC7195BD9B2}.Release|Any CPU.Build.0 = Release|Any CPU
		{AB31F1F0-D14E-48D1-A359-82D8B66BF952}.Debug|Any CPU.ActiveCfg = Debug|Any CPU
		{AB31F1F0-D14E-48D1-A359-82D8B66BF952}.Debug|Any CPU.Build.0 = Debug|Any CPU
		{AB31F1F0-D14E-48D1-A359-82D8B66BF952}.Release|Any CPU.ActiveCfg = Release|Any CPU
		{AB31F1F0-D14E-48D1-A359-82D8B66BF952}.Release|Any CPU.Build.0 = Release|Any CPU
		{9C1D160F-548B-42CB-885E-32E024364862}.Debug|Any CPU.ActiveCfg = Debug|Any CPU
		{9C1D160F-548B-42CB-885E-32E024364862}.Debug|Any CPU.Build.0 = Debug|Any CPU
		{9C1D160F-548B-42CB-885E-32E024364862}.Release|Any CPU.ActiveCfg = Release|Any CPU
		{9C1D160F-548B-42CB-885E-32E024364862}.Release|Any CPU.Build.0 = Release|Any CPU
	EndGlobalSection
	GlobalSection(SolutionProperties) = preSolution
		HideSolutionNode = FALSE
	EndGlobalSection
EndGlobal
