
Microsoft Visual Studio Solution File, Format Version 12.00
Project("{FAE04EC0-301F-11D3-BF4B-00C04F79EFBC}") = "CoreLibraries", "CoreLibraries\CoreLibraries.csproj", "{171F870C-8AFB-42E9-B873-AB97737FA932}"
EndProject
Project("{FAE04EC0-301F-11D3-BF4B-00C04F79EFBC}") = "TestApplication", "TestApplication\TestApplication.csproj", "{A2C1A3F4-1D0C-44F3-8936-DDC7195BD9B2}"
EndProject
Global
	GlobalSection(SolutionConfigurationPlatforms) = preSolution
		Debug|Any CPU = Debug|Any CPU
		Release|Any CPU = Release|Any CPU
	EndGlobalSection
	GlobalSection(ProjectConfigurationPlatforms) = postSolution
		{171F870C-8AFB-42E9-B873-AB97737FA932}.Debug|Any CPU.ActiveCfg = Debug|Any CPU
		{171F870C-8AFB-42E9-B873-AB97737FA932}.Debug|Any CPU.Build.0 = Debug|Any CPU
		{171F870C-8AFB-42E9-B873-AB97737FA932}.Release|Any CPU.ActiveCfg = Release|Any CPU
		{171F870C-8AFB-42E9-B873-AB97737FA932}.Release|Any CPU.Build.0 = Release|Any CPU
		{A2C1A3F4-1D0C-44F3-8936-DDC7195BD9B2}.Debug|Any CPU.ActiveCfg = Debug|Any CPU
		{A2C1A3F4-1D0C-44F3-8936-DDC7195BD9B2}.Debug|Any CPU.Build.0 = Debug|Any CPU
		{A2C1A3F4-1D0C-44F3-8936-DDC7195BD9B2}.Release|Any CPU.ActiveCfg = Release|Any CPU
		{A2C1A3F4-1D0C-44F3-8936-DDC7195BD9B2}.Release|Any CPU.Build.0 = Release|Any CPU
	EndGlobalSection
	GlobalSection(NestedProjects) = preSolution
	EndGlobalSection
EndGlobal
